github.com/JhonSalgado/text-processor v0.0.0-20210606220521-692d8c0c2f60 h1:TIzHMS8fYwHX5reumpZvnpteusCzCaXFvaaV8YeiUq4=
github.com/JhonSalgado/text-processor v0.0.0-20210606220521-692d8c0c2f60/go.mod h1:34biqQa9LJR4aU9Ob/XE824kbM26fxjE1q/i9ST2lOg=
github.com/JhonSalgado/text-processor v0.0.0-20210614083416-50e117330fde h1:7N2gfdt9zbqDpPEH9FwBoOmo95z63/jzup+/9GpvJi4=
github.com/JhonSalgado/text-processor v0.0.0-20210614083416-50e117330fde/go.mod h1:34biqQa9LJR4aU9Ob/XE824kbM26fxjE1q/i9ST2lOg=
github.com/JhonSalgado/text-processor v0.0.0-20210614084625-0e9924e139ca h1:R4h0bKLWJYFM/Gaz7olTAX+akMH+tMUoZVPuGRNoOL0=
github.com/JhonSalgado/text-processor v0.0.0-20210614084625-0e9924e139ca/go.mod h1:34biqQa9LJR4aU9Ob/XE824kbM26fxjE1q/i9ST2lOg=
